// !$*UTF8*$!
{
	archiveVersion = 1;
	classes = {
	};
	objectVersion = 46;
	objects = {

/* Begin PBXBuildFile section */
		C53003FB1B74AA3C00B0A3BF /* main.m in Sources */ = {isa = PBXBuildFile; fileRef = C53003FA1B74AA3C00B0A3BF /* main.m */; };
		C53003FE1B74AA3C00B0A3BF /* AppDelegate.m in Sources */ = {isa = PBXBuildFile; fileRef = C53003FD1B74AA3C00B0A3BF /* AppDelegate.m */; };
		C53004011B74AA3C00B0A3BF /* ViewController.m in Sources */ = {isa = PBXBuildFile; fileRef = C53004001B74AA3C00B0A3BF /* ViewController.m */; };
		C53004041B74AA3C00B0A3BF /* Main.storyboard in Resources */ = {isa = PBXBuildFile; fileRef = C53004021B74AA3C00B0A3BF /* Main.storyboard */; };
		C53004061B74AA3C00B0A3BF /* Images.xcassets in Resources */ = {isa = PBXBuildFile; fileRef = C53004051B74AA3C00B0A3BF /* Images.xcassets */; };
		C53004091B74AA3C00B0A3BF /* LaunchScreen.xib in Resources */ = {isa = PBXBuildFile; fileRef = C53004071B74AA3C00B0A3BF /* LaunchScreen.xib */; };
		C53004151B74AA3C00B0A3BF /* LifeSearchTests.m in Sources */ = {isa = PBXBuildFile; fileRef = C53004141B74AA3C00B0A3BF /* LifeSearchTests.m */; };
		C53004291B74BA1700B0A3BF /* TFHpple.m in Sources */ = {isa = PBXBuildFile; fileRef = C53004241B74BA1700B0A3BF /* TFHpple.m */; };
		C530042A1B74BA1700B0A3BF /* TFHppleElement.m in Sources */ = {isa = PBXBuildFile; fileRef = C53004261B74BA1700B0A3BF /* TFHppleElement.m */; };
		C530042B1B74BA1700B0A3BF /* XPathQuery.m in Sources */ = {isa = PBXBuildFile; fileRef = C53004281B74BA1700B0A3BF /* XPathQuery.m */; };
		C530042F1B74C3EB00B0A3BF /* libxml2.dylib in Frameworks */ = {isa = PBXBuildFile; fileRef = C530042E1B74C3EB00B0A3BF /* libxml2.dylib */; };
		C53004441B74DEB300B0A3BF /* TrainTicketOutletsViewController.m in Sources */ = {isa = PBXBuildFile; fileRef = C53004421B74DEB300B0A3BF /* TrainTicketOutletsViewController.m */; };
		C53004451B74DEB300B0A3BF /* TrainTicketOutletsViewController.xib in Resources */ = {isa = PBXBuildFile; fileRef = C53004431B74DEB300B0A3BF /* TrainTicketOutletsViewController.xib */; };
		C53004491B74DEF800B0A3BF /* PostViewController.m in Sources */ = {isa = PBXBuildFile; fileRef = C53004471B74DEF800B0A3BF /* PostViewController.m */; };
		C530044A1B74DEF800B0A3BF /* PostViewController.xib in Resources */ = {isa = PBXBuildFile; fileRef = C53004481B74DEF800B0A3BF /* PostViewController.xib */; };
		C530044E1B74DF1900B0A3BF /* TrainTimeViewController.m in Sources */ = {isa = PBXBuildFile; fileRef = C530044C1B74DF1900B0A3BF /* TrainTimeViewController.m */; };
		C530044F1B74DF1900B0A3BF /* TrainTimeViewController.xib in Resources */ = {isa = PBXBuildFile; fileRef = C530044D1B74DF1900B0A3BF /* TrainTimeViewController.xib */; };
		C53004531B74DF2900B0A3BF /* IPViewController.m in Sources */ = {isa = PBXBuildFile; fileRef = C53004511B74DF2900B0A3BF /* IPViewController.m */; };
		C53004541B74DF2900B0A3BF /* IPViewController.xib in Resources */ = {isa = PBXBuildFile; fileRef = C53004521B74DF2900B0A3BF /* IPViewController.xib */; };
		C53004581B74DF6A00B0A3BF /* WeatherViewController.m in Sources */ = {isa = PBXBuildFile; fileRef = C53004561B74DF6A00B0A3BF /* WeatherViewController.m */; };
		C53004591B74DF6A00B0A3BF /* WeatherViewController.xib in Resources */ = {isa = PBXBuildFile; fileRef = C53004571B74DF6A00B0A3BF /* WeatherViewController.xib */; };
		C530045D1B74E59C00B0A3BF /* IdViewController.m in Sources */ = {isa = PBXBuildFile; fileRef = C530045B1B74E59C00B0A3BF /* IdViewController.m */; };
		C530045E1B74E59C00B0A3BF /* IdViewController.xib in Resources */ = {isa = PBXBuildFile; fileRef = C530045C1B74E59C00B0A3BF /* IdViewController.xib */; };
		C53004621B74E5BD00B0A3BF /* SimViewController.m in Sources */ = {isa = PBXBuildFile; fileRef = C53004601B74E5BD00B0A3BF /* SimViewController.m */; };
		C53004631B74E5BD00B0A3BF /* SimViewController.xib in Resources */ = {isa = PBXBuildFile; fileRef = C53004611B74E5BD00B0A3BF /* SimViewController.xib */; };
/* End PBXBuildFile section */

/* Begin PBXContainerItemProxy section */
		C530040F1B74AA3C00B0A3BF /* PBXContainerItemProxy */ = {
			isa = PBXContainerItemProxy;
			containerPortal = C53003ED1B74AA3C00B0A3BF /* Project object */;
			proxyType = 1;
			remoteGlobalIDString = C53003F41B74AA3C00B0A3BF;
			remoteInfo = LifeSearch;
		};
/* End PBXContainerItemProxy section */

/* Begin PBXFileReference section */
		C53003F51B74AA3C00B0A3BF /* LifeSearch.app */ = {isa = PBXFileReference; explicitFileType = wrapper.application; includeInIndex = 0; path = LifeSearch.app; sourceTree = BUILT_PRODUCTS_DIR; };
		C53003F91B74AA3C00B0A3BF /* Info.plist */ = {isa = PBXFileReference; lastKnownFileType = text.plist.xml; path = Info.plist; sourceTree = "<group>"; };
		C53003FA1B74AA3C00B0A3BF /* main.m */ = {isa = PBXFileReference; lastKnownFileType = sourcecode.c.objc; path = main.m; sourceTree = "<group>"; };
		C53003FC1B74AA3C00B0A3BF /* AppDelegate.h */ = {isa = PBXFileReference; lastKnownFileType = sourcecode.c.h; path = AppDelegate.h; sourceTree = "<group>"; };
		C53003FD1B74AA3C00B0A3BF /* AppDelegate.m */ = {isa = PBXFileReference; lastKnownFileType = sourcecode.c.objc; path = AppDelegate.m; sourceTree = "<group>"; };
		C53003FF1B74AA3C00B0A3BF /* ViewController.h */ = {isa = PBXFileReference; lastKnownFileType = sourcecode.c.h; name = ViewController.h; path = LifeSearch/ViewController.h; sourceTree = "<group>"; };
		C53004001B74AA3C00B0A3BF /* ViewController.m */ = {isa = PBXFileReference; lastKnownFileType = sourcecode.c.objc; name = ViewController.m; path = LifeSearch/ViewController.m; sourceTree = "<group>"; };
		C53004031B74AA3C00B0A3BF /* Base */ = {isa = PBXFileReference; lastKnownFileType = file.storyboard; name = Base; path = Base.lproj/Main.storyboard; sourceTree = "<group>"; };
		C53004051B74AA3C00B0A3BF /* Images.xcassets */ = {isa = PBXFileReference; lastKnownFileType = folder.assetcatalog; path = Images.xcassets; sourceTree = "<group>"; };
		C53004081B74AA3C00B0A3BF /* Base */ = {isa = PBXFileReference; lastKnownFileType = file.xib; name = Base; path = Base.lproj/LaunchScreen.xib; sourceTree = "<group>"; };
		C530040E1B74AA3C00B0A3BF /* LifeSearchTests.xctest */ = {isa = PBXFileReference; explicitFileType = wrapper.cfbundle; includeInIndex = 0; path = LifeSearchTests.xctest; sourceTree = BUILT_PRODUCTS_DIR; };
		C53004131B74AA3C00B0A3BF /* Info.plist */ = {isa = PBXFileReference; lastKnownFileType = text.plist.xml; path = Info.plist; sourceTree = "<group>"; };
		C53004141B74AA3C00B0A3BF /* LifeSearchTests.m */ = {isa = PBXFileReference; lastKnownFileType = sourcecode.c.objc; path = LifeSearchTests.m; sourceTree = "<group>"; };
		C53004231B74BA1700B0A3BF /* TFHpple.h */ = {isa = PBXFileReference; fileEncoding = 4; lastKnownFileType = sourcecode.c.h; path = TFHpple.h; sourceTree = "<group>"; };
		C53004241B74BA1700B0A3BF /* TFHpple.m */ = {isa = PBXFileReference; fileEncoding = 4; lastKnownFileType = sourcecode.c.objc; path = TFHpple.m; sourceTree = "<group>"; };
		C53004251B74BA1700B0A3BF /* TFHppleElement.h */ = {isa = PBXFileReference; fileEncoding = 4; lastKnownFileType = sourcecode.c.h; path = TFHppleElement.h; sourceTree = "<group>"; };
		C53004261B74BA1700B0A3BF /* TFHppleElement.m */ = {isa = PBXFileReference; fileEncoding = 4; lastKnownFileType = sourcecode.c.objc; path = TFHppleElement.m; sourceTree = "<group>"; };
		C53004271B74BA1700B0A3BF /* XPathQuery.h */ = {isa = PBXFileReference; fileEncoding = 4; lastKnownFileType = sourcecode.c.h; path = XPathQuery.h; sourceTree = "<group>"; };
		C53004281B74BA1700B0A3BF /* XPathQuery.m */ = {isa = PBXFileReference; fileEncoding = 4; lastKnownFileType = sourcecode.c.objc; path = XPathQuery.m; sourceTree = "<group>"; };
		C530042E1B74C3EB00B0A3BF /* libxml2.dylib */ = {isa = PBXFileReference; lastKnownFileType = "compiled.mach-o.dylib"; name = libxml2.dylib; path = usr/lib/libxml2.dylib; sourceTree = SDKROOT; };
		C53004411B74DEB300B0A3BF /* TrainTicketOutletsViewController.h */ = {isa = PBXFileReference; fileEncoding = 4; lastKnownFileType = sourcecode.c.h; path = TrainTicketOutletsViewController.h; sourceTree = "<group>"; };
		C53004421B74DEB300B0A3BF /* TrainTicketOutletsViewController.m */ = {isa = PBXFileReference; fileEncoding = 4; lastKnownFileType = sourcecode.c.objc; path = TrainTicketOutletsViewController.m; sourceTree = "<group>"; };
		C53004431B74DEB300B0A3BF /* TrainTicketOutletsViewController.xib */ = {isa = PBXFileReference; fileEncoding = 4; lastKnownFileType = file.xib; path = TrainTicketOutletsViewController.xib; sourceTree = "<group>"; };
		C53004461B74DEF800B0A3BF /* PostViewController.h */ = {isa = PBXFileReference; fileEncoding = 4; lastKnownFileType = sourcecode.c.h; path = PostViewController.h; sourceTree = "<group>"; };
		C53004471B74DEF800B0A3BF /* PostViewController.m */ = {isa = PBXFileReference; fileEncoding = 4; lastKnownFileType = sourcecode.c.objc; path = PostViewController.m; sourceTree = "<group>"; };
		C53004481B74DEF800B0A3BF /* PostViewController.xib */ = {isa = PBXFileReference; fileEncoding = 4; lastKnownFileType = file.xib; path = PostViewController.xib; sourceTree = "<group>"; };
		C530044B1B74DF1900B0A3BF /* TrainTimeViewController.h */ = {isa = PBXFileReference; fileEncoding = 4; lastKnownFileType = sourcecode.c.h; path = TrainTimeViewController.h; sourceTree = "<group>"; };
		C530044C1B74DF1900B0A3BF /* TrainTimeViewController.m */ = {isa = PBXFileReference; fileEncoding = 4; lastKnownFileType = sourcecode.c.objc; path = TrainTimeViewController.m; sourceTree = "<group>"; };
		C530044D1B74DF1900B0A3BF /* TrainTimeViewController.xib */ = {isa = PBXFileReference; fileEncoding = 4; lastKnownFileType = file.xib; path = TrainTimeViewController.xib; sourceTree = "<group>"; };
		C53004501B74DF2900B0A3BF /* IPViewController.h */ = {isa = PBXFileReference; fileEncoding = 4; lastKnownFileType = sourcecode.c.h; path = IPViewController.h; sourceTree = "<group>"; };
		C53004511B74DF2900B0A3BF /* IPViewController.m */ = {isa = PBXFileReference; fileEncoding = 4; lastKnownFileType = sourcecode.c.objc; path = IPViewController.m; sourceTree = "<group>"; };
		C53004521B74DF2900B0A3BF /* IPViewController.xib */ = {isa = PBXFileReference; fileEncoding = 4; lastKnownFileType = file.xib; path = IPViewController.xib; sourceTree = "<group>"; };
		C53004551B74DF6A00B0A3BF /* WeatherViewController.h */ = {isa = PBXFileReference; fileEncoding = 4; lastKnownFileType = sourcecode.c.h; path = WeatherViewController.h; sourceTree = "<group>"; };
		C53004561B74DF6A00B0A3BF /* WeatherViewController.m */ = {isa = PBXFileReference; fileEncoding = 4; lastKnownFileType = sourcecode.c.objc; path = WeatherViewController.m; sourceTree = "<group>"; };
		C53004571B74DF6A00B0A3BF /* WeatherViewController.xib */ = {isa = PBXFileReference; fileEncoding = 4; lastKnownFileType = file.xib; path = WeatherViewController.xib; sourceTree = "<group>"; };
		C530045A1B74E59C00B0A3BF /* IdViewController.h */ = {isa = PBXFileReference; fileEncoding = 4; lastKnownFileType = sourcecode.c.h; path = IdViewController.h; sourceTree = "<group>"; };
		C530045B1B74E59C00B0A3BF /* IdViewController.m */ = {isa = PBXFileReference; fileEncoding = 4; lastKnownFileType = sourcecode.c.objc; path = IdViewController.m; sourceTree = "<group>"; };
		C530045C1B74E59C00B0A3BF /* IdViewController.xib */ = {isa = PBXFileReference; fileEncoding = 4; lastKnownFileType = file.xib; path = IdViewController.xib; sourceTree = "<group>"; };
		C530045F1B74E5BD00B0A3BF /* SimViewController.h */ = {isa = PBXFileReference; fileEncoding = 4; lastKnownFileType = sourcecode.c.h; path = SimViewController.h; sourceTree = "<group>"; };
		C53004601B74E5BD00B0A3BF /* SimViewController.m */ = {isa = PBXFileReference; fileEncoding = 4; lastKnownFileType = sourcecode.c.objc; path = SimViewController.m; sourceTree = "<group>"; };
		C53004611B74E5BD00B0A3BF /* SimViewController.xib */ = {isa = PBXFileReference; fileEncoding = 4; lastKnownFileType = file.xib; path = SimViewController.xib; sourceTree = "<group>"; };
/* End PBXFileReference section */

/* Begin PBXFrameworksBuildPhase section */
		C53003F21B74AA3C00B0A3BF /* Frameworks */ = {
			isa = PBXFrameworksBuildPhase;
			buildActionMask = 2147483647;
			files = (
				C530042F1B74C3EB00B0A3BF /* libxml2.dylib in Frameworks */,
			);
			runOnlyForDeploymentPostprocessing = 0;
		};
		C530040B1B74AA3C00B0A3BF /* Frameworks */ = {
			isa = PBXFrameworksBuildPhase;
			buildActionMask = 2147483647;
			files = (
			);
			runOnlyForDeploymentPostprocessing = 0;
		};
/* End PBXFrameworksBuildPhase section */

/* Begin PBXGroup section */
		C53003EC1B74AA3C00B0A3BF = {
			isa = PBXGroup;
			children = (
				C530042E1B74C3EB00B0A3BF /* libxml2.dylib */,
				C53004211B74B9EA00B0A3BF /* Lib */,
				C53004201B74B9C900B0A3BF /* Controller */,
				C530041F1B74B9C100B0A3BF /* Model */,
				C530041E1B74B9BA00B0A3BF /* View */,
				C53003F71B74AA3C00B0A3BF /* LifeSearch */,
				C53004111B74AA3C00B0A3BF /* LifeSearchTests */,
				C53003F61B74AA3C00B0A3BF /* Products */,
			);
			sourceTree = "<group>";
		};
		C53003F61B74AA3C00B0A3BF /* Products */ = {
			isa = PBXGroup;
			children = (
				C53003F51B74AA3C00B0A3BF /* LifeSearch.app */,
				C530040E1B74AA3C00B0A3BF /* LifeSearchTests.xctest */,
			);
			name = Products;
			sourceTree = "<group>";
		};
		C53003F71B74AA3C00B0A3BF /* LifeSearch */ = {
			isa = PBXGroup;
			children = (
				C53003FC1B74AA3C00B0A3BF /* AppDelegate.h */,
				C53003FD1B74AA3C00B0A3BF /* AppDelegate.m */,
				C53004021B74AA3C00B0A3BF /* Main.storyboard */,
				C53004051B74AA3C00B0A3BF /* Images.xcassets */,
				C53004071B74AA3C00B0A3BF /* LaunchScreen.xib */,
				C53003F81B74AA3C00B0A3BF /* Supporting Files */,
			);
			path = LifeSearch;
			sourceTree = "<group>";
		};
		C53003F81B74AA3C00B0A3BF /* Supporting Files */ = {
			isa = PBXGroup;
			children = (
				C53003F91B74AA3C00B0A3BF /* Info.plist */,
				C53003FA1B74AA3C00B0A3BF /* main.m */,
			);
			name = "Supporting Files";
			sourceTree = "<group>";
		};
		C53004111B74AA3C00B0A3BF /* LifeSearchTests */ = {
			isa = PBXGroup;
			children = (
				C53004141B74AA3C00B0A3BF /* LifeSearchTests.m */,
				C53004121B74AA3C00B0A3BF /* Supporting Files */,
			);
			path = LifeSearchTests;
			sourceTree = "<group>";
		};
		C53004121B74AA3C00B0A3BF /* Supporting Files */ = {
			isa = PBXGroup;
			children = (
				C53004131B74AA3C00B0A3BF /* Info.plist */,
			);
			name = "Supporting Files";
			sourceTree = "<group>";
		};
		C530041E1B74B9BA00B0A3BF /* View */ = {
			isa = PBXGroup;
			children = (
			);
			name = View;
			sourceTree = "<group>";
		};
		C530041F1B74B9C100B0A3BF /* Model */ = {
			isa = PBXGroup;
			children = (
			);
			name = Model;
			sourceTree = "<group>";
		};
		C53004201B74B9C900B0A3BF /* Controller */ = {
			isa = PBXGroup;
			children = (
				C53003FF1B74AA3C00B0A3BF /* ViewController.h */,
				C53004001B74AA3C00B0A3BF /* ViewController.m */,
				C530043B1B74DDF800B0A3BF /* 邮编及区号 */,
				C530043A1B74DDEB00B0A3BF /* 火车票代售点 */,
				C53004391B74DDE100B0A3BF /* 火车时刻 */,
				C53004381B74DDD800B0A3BF /* IP地址 */,
				C53004371B74DDD200B0A3BF /* 身份证号 */,
				C53004361B74DDB000B0A3BF /* 手机号码归属地 */,
				C53004351B74DDA900B0A3BF /* 天气预报 */,
			);
			name = Controller;
			sourceTree = "<group>";
		};
		C53004211B74B9EA00B0A3BF /* Lib */ = {
			isa = PBXGroup;
			children = (
				C53004221B74BA1700B0A3BF /* TFHpple */,
			);
			name = Lib;
			sourceTree = "<group>";
		};
		C53004221B74BA1700B0A3BF /* TFHpple */ = {
			isa = PBXGroup;
			children = (
				C53004231B74BA1700B0A3BF /* TFHpple.h */,
				C53004241B74BA1700B0A3BF /* TFHpple.m */,
				C53004251B74BA1700B0A3BF /* TFHppleElement.h */,
				C53004261B74BA1700B0A3BF /* TFHppleElement.m */,
				C53004271B74BA1700B0A3BF /* XPathQuery.h */,
				C53004281B74BA1700B0A3BF /* XPathQuery.m */,
			);
			path = TFHpple;
			sourceTree = "<group>";
		};
		C53004351B74DDA900B0A3BF /* 天气预报 */ = {
			isa = PBXGroup;
			children = (
				C53004551B74DF6A00B0A3BF /* WeatherViewController.h */,
				C53004561B74DF6A00B0A3BF /* WeatherViewController.m */,
				C53004571B74DF6A00B0A3BF /* WeatherViewController.xib */,
			);
			name = "天气预报";
			sourceTree = "<group>";
		};
		C53004361B74DDB000B0A3BF /* 手机号码归属地 */ = {
			isa = PBXGroup;
			children = (
				C530045F1B74E5BD00B0A3BF /* SimViewController.h */,
				C53004601B74E5BD00B0A3BF /* SimViewController.m */,
				C53004611B74E5BD00B0A3BF /* SimViewController.xib */,
			);
			name = "手机号码归属地";
			sourceTree = "<group>";
		};
		C53004371B74DDD200B0A3BF /* 身份证号 */ = {
			isa = PBXGroup;
			children = (
				C530045A1B74E59C00B0A3BF /* IdViewController.h */,
				C530045B1B74E59C00B0A3BF /* IdViewController.m */,
				C530045C1B74E59C00B0A3BF /* IdViewController.xib */,
			);
			name = "身份证号";
			sourceTree = "<group>";
		};
		C53004381B74DDD800B0A3BF /* IP地址 */ = {
			isa = PBXGroup;
			children = (
				C53004501B74DF2900B0A3BF /* IPViewController.h */,
				C53004511B74DF2900B0A3BF /* IPViewController.m */,
				C53004521B74DF2900B0A3BF /* IPViewController.xib */,
			);
			name = "IP地址";
			sourceTree = "<group>";
		};
		C53004391B74DDE100B0A3BF /* 火车时刻 */ = {
			isa = PBXGroup;
			children = (
				C530044B1B74DF1900B0A3BF /* TrainTimeViewController.h */,
				C530044C1B74DF1900B0A3BF /* TrainTimeViewController.m */,
				C530044D1B74DF1900B0A3BF /* TrainTimeViewController.xib */,
			);
			name = "火车时刻";
			sourceTree = "<group>";
		};
		C530043A1B74DDEB00B0A3BF /* 火车票代售点 */ = {
			isa = PBXGroup;
			children = (
				C53004411B74DEB300B0A3BF /* TrainTicketOutletsViewController.h */,
				C53004421B74DEB300B0A3BF /* TrainTicketOutletsViewController.m */,
				C53004431B74DEB300B0A3BF /* TrainTicketOutletsViewController.xib */,
			);
			name = "火车票代售点";
			sourceTree = "<group>";
		};
		C530043B1B74DDF800B0A3BF /* 邮编及区号 */ = {
			isa = PBXGroup;
			children = (
				C53004461B74DEF800B0A3BF /* PostViewController.h */,
				C53004471B74DEF800B0A3BF /* PostViewController.m */,
				C53004481B74DEF800B0A3BF /* PostViewController.xib */,
			);
			name = "邮编及区号";
			sourceTree = "<group>";
		};
/* End PBXGroup section */

/* Begin PBXNativeTarget section */
		C53003F41B74AA3C00B0A3BF /* LifeSearch */ = {
			isa = PBXNativeTarget;
			buildConfigurationList = C53004181B74AA3C00B0A3BF /* Build configuration list for PBXNativeTarget "LifeSearch" */;
			buildPhases = (
				C53003F11B74AA3C00B0A3BF /* Sources */,
				C53003F21B74AA3C00B0A3BF /* Frameworks */,
				C53003F31B74AA3C00B0A3BF /* Resources */,
			);
			buildRules = (
			);
			dependencies = (
			);
			name = LifeSearch;
			productName = LifeSearch;
			productReference = C53003F51B74AA3C00B0A3BF /* LifeSearch.app */;
			productType = "com.apple.product-type.application";
		};
		C530040D1B74AA3C00B0A3BF /* LifeSearchTests */ = {
			isa = PBXNativeTarget;
			buildConfigurationList = C530041B1B74AA3C00B0A3BF /* Build configuration list for PBXNativeTarget "LifeSearchTests" */;
			buildPhases = (
				C530040A1B74AA3C00B0A3BF /* Sources */,
				C530040B1B74AA3C00B0A3BF /* Frameworks */,
				C530040C1B74AA3C00B0A3BF /* Resources */,
			);
			buildRules = (
			);
			dependencies = (
				C53004101B74AA3C00B0A3BF /* PBXTargetDependency */,
			);
			name = LifeSearchTests;
			productName = LifeSearchTests;
			productReference = C530040E1B74AA3C00B0A3BF /* LifeSearchTests.xctest */;
			productType = "com.apple.product-type.bundle.unit-test";
		};
/* End PBXNativeTarget section */

/* Begin PBXProject section */
		C53003ED1B74AA3C00B0A3BF /* Project object */ = {
			isa = PBXProject;
			attributes = {
				LastUpgradeCheck = 0610;
				ORGANIZATIONNAME = zg;
				TargetAttributes = {
					C53003F41B74AA3C00B0A3BF = {
						CreatedOnToolsVersion = 6.1.1;
					};
					C530040D1B74AA3C00B0A3BF = {
						CreatedOnToolsVersion = 6.1.1;
						TestTargetID = C53003F41B74AA3C00B0A3BF;
					};
				};
			};
			buildConfigurationList = C53003F01B74AA3C00B0A3BF /* Build configuration list for PBXProject "LifeSearch" */;
			compatibilityVersion = "Xcode 3.2";
			developmentRegion = English;
			hasScannedForEncodings = 0;
			knownRegions = (
				en,
				Base,
			);
			mainGroup = C53003EC1B74AA3C00B0A3BF;
			productRefGroup = C53003F61B74AA3C00B0A3BF /* Products */;
			projectDirPath = "";
			projectRoot = "";
			targets = (
				C53003F41B74AA3C00B0A3BF /* LifeSearch */,
				C530040D1B74AA3C00B0A3BF /* LifeSearchTests */,
			);
		};
/* End PBXProject section */

/* Begin PBXResourcesBuildPhase section */
		C53003F31B74AA3C00B0A3BF /* Resources */ = {
			isa = PBXResourcesBuildPhase;
			buildActionMask = 2147483647;
			files = (
				C53004451B74DEB300B0A3BF /* TrainTicketOutletsViewController.xib in Resources */,
				C53004591B74DF6A00B0A3BF /* WeatherViewController.xib in Resources */,
				C53004041B74AA3C00B0A3BF /* Main.storyboard in Resources */,
				C530045E1B74E59C00B0A3BF /* IdViewController.xib in Resources */,
				C530044A1B74DEF800B0A3BF /* PostViewController.xib in Resources */,
				C530044F1B74DF1900B0A3BF /* TrainTimeViewController.xib in Resources */,
				C53004541B74DF2900B0A3BF /* IPViewController.xib in Resources */,
				C53004091B74AA3C00B0A3BF /* LaunchScreen.xib in Resources */,
				C53004631B74E5BD00B0A3BF /* SimViewController.xib in Resources */,
				C53004061B74AA3C00B0A3BF /* Images.xcassets in Resources */,
			);
			runOnlyForDeploymentPostprocessing = 0;
		};
		C530040C1B74AA3C00B0A3BF /* Resources */ = {
			isa = PBXResourcesBuildPhase;
			buildActionMask = 2147483647;
			files = (
			);
			runOnlyForDeploymentPostprocessing = 0;
		};
/* End PBXResourcesBuildPhase section */

/* Begin PBXSourcesBuildPhase section */
		C53003F11B74AA3C00B0A3BF /* Sources */ = {
			isa = PBXSourcesBuildPhase;
			buildActionMask = 2147483647;
			files = (
				C53004441B74DEB300B0A3BF /* TrainTicketOutletsViewController.m in Sources */,
				C530045D1B74E59C00B0A3BF /* IdViewController.m in Sources */,
				C53004011B74AA3C00B0A3BF /* ViewController.m in Sources */,
				C53003FE1B74AA3C00B0A3BF /* AppDelegate.m in Sources */,
				C53003FB1B74AA3C00B0A3BF /* main.m in Sources */,
				C53004621B74E5BD00B0A3BF /* SimViewController.m in Sources */,
				C53004581B74DF6A00B0A3BF /* WeatherViewController.m in Sources */,
				C53004531B74DF2900B0A3BF /* IPViewController.m in Sources */,
				C53004291B74BA1700B0A3BF /* TFHpple.m in Sources */,
				C53004491B74DEF800B0A3BF /* PostViewController.m in Sources */,
				C530044E1B74DF1900B0A3BF /* TrainTimeViewController.m in Sources */,
				C530042B1B74BA1700B0A3BF /* XPathQuery.m in Sources */,
				C530042A1B74BA1700B0A3BF /* TFHppleElement.m in Sources */,
			);
			runOnlyForDeploymentPostprocessing = 0;
		};
		C530040A1B74AA3C00B0A3BF /* Sources */ = {
			isa = PBXSourcesBuildPhase;
			buildActionMask = 2147483647;
			files = (
				C53004151B74AA3C00B0A3BF /* LifeSearchTests.m in Sources */,
			);
			runOnlyForDeploymentPostprocessing = 0;
		};
/* End PBXSourcesBuildPhase section */

/* Begin PBXTargetDependency section */
		C53004101B74AA3C00B0A3BF /* PBXTargetDependency */ = {
			isa = PBXTargetDependency;
			target = C53003F41B74AA3C00B0A3BF /* LifeSearch */;
			targetProxy = C530040F1B74AA3C00B0A3BF /* PBXContainerItemProxy */;
		};
/* End PBXTargetDependency section */

/* Begin PBXVariantGroup section */
		C53004021B74AA3C00B0A3BF /* Main.storyboard */ = {
			isa = PBXVariantGroup;
			children = (
				C53004031B74AA3C00B0A3BF /* Base */,
			);
			name = Main.storyboard;
			sourceTree = "<group>";
		};
		C53004071B74AA3C00B0A3BF /* LaunchScreen.xib */ = {
			isa = PBXVariantGroup;
			children = (
				C53004081B74AA3C00B0A3BF /* Base */,
			);
			name = LaunchScreen.xib;
			sourceTree = "<group>";
		};
/* End PBXVariantGroup section */

/* Begin XCBuildConfiguration section */
		C53004161B74AA3C00B0A3BF /* Debug */ = {
			isa = XCBuildConfiguration;
			buildSettings = {
				ALWAYS_SEARCH_USER_PATHS = NO;
				CLANG_CXX_LANGUAGE_STANDARD = "gnu++0x";
				CLANG_CXX_LIBRARY = "libc++";
				CLANG_ENABLE_MODULES = YES;
				CLANG_ENABLE_OBJC_ARC = YES;
				CLANG_WARN_BOOL_CONVERSION = YES;
				CLANG_WARN_CONSTANT_CONVERSION = YES;
				CLANG_WARN_DIRECT_OBJC_ISA_USAGE = YES_ERROR;
				CLANG_WARN_EMPTY_BODY = YES;
				CLANG_WARN_ENUM_CONVERSION = YES;
				CLANG_WARN_INT_CONVERSION = YES;
				CLANG_WARN_OBJC_ROOT_CLASS = YES_ERROR;
				CLANG_WARN_UNREACHABLE_CODE = YES;
				CLANG_WARN__DUPLICATE_METHOD_MATCH = YES;
				"CODE_SIGN_IDENTITY[sdk=iphoneos*]" = "iPhone Developer";
				COPY_PHASE_STRIP = NO;
				ENABLE_STRICT_OBJC_MSGSEND = YES;
				GCC_C_LANGUAGE_STANDARD = gnu99;
				GCC_DYNAMIC_NO_PIC = NO;
				GCC_OPTIMIZATION_LEVEL = 0;
				GCC_PREPROCESSOR_DEFINITIONS = (
					"DEBUG=1",
					"$(inherited)",
				);
				GCC_SYMBOLS_PRIVATE_EXTERN = NO;
				GCC_WARN_64_TO_32_BIT_CONVERSION = YES;
				GCC_WARN_ABOUT_RETURN_TYPE = YES_ERROR;
				GCC_WARN_UNDECLARED_SELECTOR = YES;
				GCC_WARN_UNINITIALIZED_AUTOS = YES_AGGRESSIVE;
				GCC_WARN_UNUSED_FUNCTION = YES;
				GCC_WARN_UNUSED_VARIABLE = YES;
				IPHONEOS_DEPLOYMENT_TARGET = 8.1;
				MTL_ENABLE_DEBUG_INFO = YES;
				ONLY_ACTIVE_ARCH = YES;
				SDKROOT = iphoneos;
			};
			name = Debug;
		};
		C53004171B74AA3C00B0A3BF /* Release */ = {
			isa = XCBuildConfiguration;
			buildSettings = {
				ALWAYS_SEARCH_USER_PATHS = NO;
				CLANG_CXX_LANGUAGE_STANDARD = "gnu++0x";
				CLANG_CXX_LIBRARY = "libc++";
				CLANG_ENABLE_MODULES = YES;
				CLANG_ENABLE_OBJC_ARC = YES;
				CLANG_WARN_BOOL_CONVERSION = YES;
				CLANG_WARN_CONSTANT_CONVERSION = YES;
				CLANG_WARN_DIRECT_OBJC_ISA_USAGE = YES_ERROR;
				CLANG_WARN_EMPTY_BODY = YES;
				CLANG_WARN_ENUM_CONVERSION = YES;
				CLANG_WARN_INT_CONVERSION = YES;
				CLANG_WARN_OBJC_ROOT_CLASS = YES_ERROR;
				CLANG_WARN_UNREACHABLE_CODE = YES;
				CLANG_WARN__DUPLICATE_METHOD_MATCH = YES;
				"CODE_SIGN_IDENTITY[sdk=iphoneos*]" = "iPhone Developer";
				COPY_PHASE_STRIP = YES;
				ENABLE_NS_ASSERTIONS = NO;
				ENABLE_STRICT_OBJC_MSGSEND = YES;
				GCC_C_LANGUAGE_STANDARD = gnu99;
				GCC_WARN_64_TO_32_BIT_CONVERSION = YES;
				GCC_WARN_ABOUT_RETURN_TYPE = YES_ERROR;
				GCC_WARN_UNDECLARED_SELECTOR = YES;
				GCC_WARN_UNINITIALIZED_AUTOS = YES_AGGRESSIVE;
				GCC_WARN_UNUSED_FUNCTION = YES;
				GCC_WARN_UNUSED_VARIABLE = YES;
				IPHONEOS_DEPLOYMENT_TARGET = 8.1;
				MTL_ENABLE_DEBUG_INFO = NO;
				SDKROOT = iphoneos;
				VALIDATE_PRODUCT = YES;
			};
			name = Release;
		};
		C53004191B74AA3C00B0A3BF /* Debug */ = {
			isa = XCBuildConfiguration;
			buildSettings = {
				ASSETCATALOG_COMPILER_APPICON_NAME = AppIcon;
				CODE_SIGN_IDENTITY = "iPhone Developer: Bao Shan Lv (7WUMPP9Z5H)";
				HEADER_SEARCH_PATHS = (
					"$(inherited)",
					/Applications/Xcode.app/Contents/Developer/Toolchains/XcodeDefault.xctoolchain/usr/include,
					/usr/include/libxml2,
				);
				INFOPLIST_FILE = LifeSearch/Info.plist;
				IPHONEOS_DEPLOYMENT_TARGET = 6.1;
				LD_RUNPATH_SEARCH_PATHS = "$(inherited) @executable_path/Frameworks";
				PRODUCT_NAME = "$(TARGET_NAME)";
				PROVISIONING_PROFILE = "7bd675a8-b8bf-4f9a-b08f-4bff542f4444";
			};
			name = Debug;
		};
		C530041A1B74AA3C00B0A3BF /* Release */ = {
			isa = XCBuildConfiguration;
			buildSettings = {
				ASSETCATALOG_COMPILER_APPICON_NAME = AppIcon;
				CODE_SIGN_IDENTITY = "iPhone Developer: Bao Shan Lv (7WUMPP9Z5H)";
				HEADER_SEARCH_PATHS = (
					"$(inherited)",
					/Applications/Xcode.app/Contents/Developer/Toolchains/XcodeDefault.xctoolchain/usr/include,
					/usr/include/libxml2,
				);
				INFOPLIST_FILE = LifeSearch/Info.plist;
				IPHONEOS_DEPLOYMENT_TARGET = 6.1;
				LD_RUNPATH_SEARCH_PATHS = "$(inherited) @executable_path/Frameworks";
				PRODUCT_NAME = "$(TARGET_NAME)";
				PROVISIONING_PROFILE = "7bd675a8-b8bf-4f9a-b08f-4bff542f4444";
			};
			name = Release;
		};
		C530041C1B74AA3C00B0A3BF /* Debug */ = {
			isa = XCBuildConfiguration;
			buildSettings = {
				BUNDLE_LOADER = "$(TEST_HOST)";
				FRAMEWORK_SEARCH_PATHS = (
					"$(SDKROOT)/Developer/Library/Frameworks",
					"$(inherited)",
				);
				GCC_PREPROCESSOR_DEFINITIONS = (
					"DEBUG=1",
					"$(inherited)",
				);
				INFOPLIST_FILE = LifeSearchTests/Info.plist;
				LD_RUNPATH_SEARCH_PATHS = "$(inherited) @executable_path/Frameworks @loader_path/Frameworks";
				PRODUCT_NAME = "$(TARGET_NAME)";
				TEST_HOST = "$(BUILT_PRODUCTS_DIR)/LifeSearch.app/LifeSearch";
			};
			name = Debug;
		};
		C530041D1B74AA3C00B0A3BF /* Release */ = {
			isa = XCBuildConfiguration;
			buildSettings = {
				BUNDLE_LOADER = "$(TEST_HOST)";
				FRAMEWORK_SEARCH_PATHS = (
					"$(SDKROOT)/Developer/Library/Frameworks",
					"$(inherited)",
				);
				INFOPLIST_FILE = LifeSearchTests/Info.plist;
				LD_RUNPATH_SEARCH_PATHS = "$(inherited) @executable_path/Frameworks @loader_path/Frameworks";
				PRODUCT_NAME = "$(TARGET_NAME)";
				TEST_HOST = "$(BUILT_PRODUCTS_DIR)/LifeSearch.app/LifeSearch";
			};
			name = Release;
		};
/* End XCBuildConfiguration section */

/* Begin XCConfigurationList section */
		C53003F01B74AA3C00B0A3BF /* Build configuration list for PBXProject "LifeSearch" */ = {
			isa = XCConfigurationList;
			buildConfigurations = (
				C53004161B74AA3C00B0A3BF /* Debug */,
				C53004171B74AA3C00B0A3BF /* Release */,
			);
			defaultConfigurationIsVisible = 0;
			defaultConfigurationName = Release;
		};
		C53004181B74AA3C00B0A3BF /* Build configuration list for PBXNativeTarget "LifeSearch" */ = {
			isa = XCConfigurationList;
			buildConfigurations = (
				C53004191B74AA3C00B0A3BF /* Debug */,
				C530041A1B74AA3C00B0A3BF /* Release */,
			);
			defaultConfigurationIsVisible = 0;
		};
		C530041B1B74AA3C00B0A3BF /* Build configuration list for PBXNativeTarget "LifeSearchTests" */ = {
			isa = XCConfigurationList;
			buildConfigurations = (
				C530041C1B74AA3C00B0A3BF /* Debug */,
				C530041D1B74AA3C00B0A3BF /* Release */,
			);
			defaultConfigurationIsVisible = 0;
		};
/* End XCConfigurationList section */
	};
	rootObject = C53003ED1B74AA3C00B0A3BF /* Project object */;
}
